
Microsoft Visual Studio Solution File, Format Version 12.00
Project("{FAE04EC0-301F-11D3-BF4B-00C04F79EFBC}") = "PersonalPlannerApp", "PersonalPlannerApp.csproj", "{2C129ACC-25BB-4671-A1D9-536D2217D4FF}"
EndProject
Global
	GlobalSection(SolutionConfigurationPlatforms) = preSolution
		Debug|Any CPU = Debug|Any CPU
		Release|Any CPU = Release|Any CPU
	EndGlobalSection
	GlobalSection(ProjectConfigurationPlatforms) = postSolution
		{2C129ACC-25BB-4671-A1D9-536D2217D4FF}.Debug|Any CPU.ActiveCfg = Debug|Any CPU
		{2C129ACC-25BB-4671-A1D9-536D2217D4FF}.Debug|Any CPU.Build.0 = Debug|Any CPU
		{2C129ACC-25BB-4671-A1D9-536D2217D4FF}.Release|Any CPU.ActiveCfg = Release|Any CPU
		{2C129ACC-25BB-4671-A1D9-536D2217D4FF}.Release|Any CPU.Build.0 = Release|Any CPU
	EndGlobalSection
EndGlobal
